
Microsoft Visual Studio Solution File, Format Version 12.00
# Visual Studio 15
VisualStudioVersion = 15.0.28307.168
MinimumVisualStudioVersion = 10.0.40219.1
Project("{888888A0-9F3D-457C-B088-3A5042F75D52}") = "DjangoWebProject1", "DjangoWebProject1\DjangoWebProject1.pyproj", "{028DC358-6FD0-46EC-B7FB-398C5A2CEEC7}"
EndProject
Global
	GlobalSection(SolutionConfigurationPlatforms) = preSolution
		Debug|Any CPU = Debug|Any CPU
		Release|Any CPU = Release|Any CPU
	EndGlobalSection
	GlobalSection(ProjectConfigurationPlatforms) = postSolution
		{028DC358-6FD0-46EC-B7FB-398C5A2CEEC7}.Debug|Any CPU.ActiveCfg = Debug|Any CPU
		{028DC358-6FD0-46EC-B7FB-398C5A2CEEC7}.Debug|Any CPU.Build.0 = Debug|Any CPU
		{028DC358-6FD0-46EC-B7FB-398C5A2CEEC7}.Release|Any CPU.ActiveCfg = Release|Any CPU
		{028DC358-6FD0-46EC-B7FB-398C5A2CEEC7}.Release|Any CPU.Build.0 = Release|Any CPU
	EndGlobalSection
	GlobalSection(SolutionProperties) = preSolution
		HideSolutionNode = FALSE
	EndGlobalSection
	GlobalSection(ExtensibilityGlobals) = postSolution
		SolutionGuid = {F59EA51C-800A-4D73-90C0-45B151754F7F}
	EndGlobalSection
EndGlobal
